
Microsoft Visual Studio Solution File, Format Version 12.00
# Visual Studio Version 16
VisualStudioVersion = 16.0.30717.126
MinimumVisualStudioVersion = 10.0.40219.1
Project("{FAE04EC0-301F-11D3-BF4B-00C04F79EFBC}") = "Homework", "Homework\Homework.csproj", "{AC79C172-F26C-43F1-93FF-F70DEC75C57F}"
EndProject
Global
	GlobalSection(SolutionConfigurationPlatforms) = preSolution
		Debug|Any CPU = Debug|Any CPU
		Release|Any CPU = Release|Any CPU
	EndGlobalSection
	GlobalSection(ProjectConfigurationPlatforms) = postSolution
		{AC79C172-F26C-43F1-93FF-F70DEC75C57F}.Debug|Any CPU.ActiveCfg = Debug|Any CPU
		{AC79C172-F26C-43F1-93FF-F70DEC75C57F}.Debug|Any CPU.Build.0 = Debug|Any CPU
		{AC79C172-F26C-43F1-93FF-F70DEC75C57F}.Release|Any CPU.ActiveCfg = Release|Any CPU
		{AC79C172-F26C-43F1-93FF-F70DEC75C57F}.Release|Any CPU.Build.0 = Release|Any CPU
	EndGlobalSection
	GlobalSection(SolutionProperties) = preSolution
		HideSolutionNode = FALSE
	EndGlobalSection
	GlobalSection(ExtensibilityGlobals) = postSolution
		SolutionGuid = {BAE520D5-3388-40A2-9447-E6EF82BFC715}
	EndGlobalSection
EndGlobal
